
Microsoft Visual Studio Solution File, Format Version 12.00
# Visual Studio Version 17
VisualStudioVersion = 17.14.36221.1 d17.14
MinimumVisualStudioVersion = 10.0.40219.1
Project("{FAE04EC0-301F-11D3-BF4B-00C04F79EFBC}") = "Telegram.HostedApp", "Telegram.HostedApp\Telegram.HostedApp.csproj", "{B035B09D-6B1E-4619-8ED6-8582789E04CD}"
EndProject
Project("{FAE04EC0-301F-11D3-BF4B-00C04F79EFBC}") = "Telegram.HostedApp.Tests", "Telegram.HostedApp.Tests\Telegram.HostedApp.Tests.csproj", "{BE0AE281-99B1-48D5-BBEA-A0B7C9FBD0F4}"
EndProject
Global
	GlobalSection(SolutionConfigurationPlatforms) = preSolution
		Debug|Any CPU = Debug|Any CPU
		Release|Any CPU = Release|Any CPU
	EndGlobalSection
	GlobalSection(ProjectConfigurationPlatforms) = postSolution
		{B035B09D-6B1E-4619-8ED6-8582789E04CD}.Debug|Any CPU.ActiveCfg = Debug|Any CPU
		{B035B09D-6B1E-4619-8ED6-8582789E04CD}.Debug|Any CPU.Build.0 = Debug|Any CPU
		{B035B09D-6B1E-4619-8ED6-8582789E04CD}.Release|Any CPU.ActiveCfg = Release|Any CPU
		{B035B09D-6B1E-4619-8ED6-8582789E04CD}.Release|Any CPU.Build.0 = Release|Any CPU
		{BE0AE281-99B1-48D5-BBEA-A0B7C9FBD0F4}.Debug|Any CPU.ActiveCfg = Debug|Any CPU
		{BE0AE281-99B1-48D5-BBEA-A0B7C9FBD0F4}.Debug|Any CPU.Build.0 = Debug|Any CPU
		{BE0AE281-99B1-48D5-BBEA-A0B7C9FBD0F4}.Release|Any CPU.ActiveCfg = Release|Any CPU
		{BE0AE281-99B1-48D5-BBEA-A0B7C9FBD0F4}.Release|Any CPU.Build.0 = Release|Any CPU
	EndGlobalSection
	GlobalSection(SolutionProperties) = preSolution
		HideSolutionNode = FALSE
	EndGlobalSection
	GlobalSection(ExtensibilityGlobals) = postSolution
		SolutionGuid = {19D7E9F7-D8A3-4165-88D0-1C14FEF731B9}
	EndGlobalSection
EndGlobal
